
Microsoft Visual Studio Solution File, Format Version 12.00
# Visual Studio Version 17
VisualStudioVersion = 17.13.35806.99
MinimumVisualStudioVersion = 10.0.40219.1
Project("{8BC9CEB8-8B4A-11D0-8D11-00A0C91BC942}") = "tutorialspoint_cpp", "tutorialspoint_cpp.vcxproj", "{23738060-23BE-42A7-A50C-8FE020EB05FB}"
EndProject
Global
	GlobalSection(SolutionConfigurationPlatforms) = preSolution
		Debug|x64 = Debug|x64
		Debug|x86 = Debug|x86
		Release|x64 = Release|x64
		Release|x86 = Release|x86
	EndGlobalSection
	GlobalSection(ProjectConfigurationPlatforms) = postSolution
		{23738060-23BE-42A7-A50C-8FE020EB05FB}.Debug|x64.ActiveCfg = Debug|x64
		{23738060-23BE-42A7-A50C-8FE020EB05FB}.Debug|x64.Build.0 = Debug|x64
		{23738060-23BE-42A7-A50C-8FE020EB05FB}.Debug|x86.ActiveCfg = Debug|Win32
		{23738060-23BE-42A7-A50C-8FE020EB05FB}.Debug|x86.Build.0 = Debug|Win32
		{23738060-23BE-42A7-A50C-8FE020EB05FB}.Release|x64.ActiveCfg = Release|x64
		{23738060-23BE-42A7-A50C-8FE020EB05FB}.Release|x64.Build.0 = Release|x64
		{23738060-23BE-42A7-A50C-8FE020EB05FB}.Release|x86.ActiveCfg = Release|Win32
		{23738060-23BE-42A7-A50C-8FE020EB05FB}.Release|x86.Build.0 = Release|Win32
	EndGlobalSection
	GlobalSection(SolutionProperties) = preSolution
		HideSolutionNode = FALSE
	EndGlobalSection
	GlobalSection(ExtensibilityGlobals) = postSolution
		SolutionGuid = {39DB1DDE-20E7-461A-9F0E-03F3037CBF0A}
	EndGlobalSection
EndGlobal
